// !$*UTF8*$!
{
	archiveVersion = 1;
	classes = {
	};
	objectVersion = 55;
	objects = {

/* Begin PBXBuildFile section */
		A499625F2814DF8300250425 /* AzurePipelineSPMCachingApp.swift in Sources */ = {isa = PBXBuildFile; fileRef = A499624F2814DF7D00250425 /* AzurePipelineSPMCachingApp.swift */; };
		A49962612814DF8300250425 /* ContentView.swift in Sources */ = {isa = PBXBuildFile; fileRef = A49962502814DF7D00250425 /* ContentView.swift */; };
		A49962632814DF8300250425 /* Assets.xcassets in Resources */ = {isa = PBXBuildFile; fileRef = A49962512814DF8300250425 /* Assets.xcassets */; };
		A4B86B812815365500A8D8F7 /* nanopb.xcframework in Frameworks */ = {isa = PBXBuildFile; fileRef = A4B86B6A2815365500A8D8F7 /* nanopb.xcframework */; };
		A4B86B822815365500A8D8F7 /* FirebaseFirestore.xcframework in Frameworks */ = {isa = PBXBuildFile; fileRef = A4B86B6B2815365500A8D8F7 /* FirebaseFirestore.xcframework */; };
		A4B86B832815365500A8D8F7 /* gRPC-Core.xcframework in Frameworks */ = {isa = PBXBuildFile; fileRef = A4B86B6C2815365500A8D8F7 /* gRPC-Core.xcframework */; };
		A4B86B842815365500A8D8F7 /* GoogleAppMeasurementIdentitySupport.xcframework in Frameworks */ = {isa = PBXBuildFile; fileRef = A4B86B6D2815365500A8D8F7 /* GoogleAppMeasurementIdentitySupport.xcframework */; };
		A4B86B852815365500A8D8F7 /* PromisesObjC.xcframework in Frameworks */ = {isa = PBXBuildFile; fileRef = A4B86B6E2815365500A8D8F7 /* PromisesObjC.xcframework */; };
		A4B86B862815365500A8D8F7 /* FirebaseAnalytics.xcframework in Frameworks */ = {isa = PBXBuildFile; fileRef = A4B86B6F2815365500A8D8F7 /* FirebaseAnalytics.xcframework */; };
		A4B86B872815365500A8D8F7 /* Libuv-gRPC.xcframework in Frameworks */ = {isa = PBXBuildFile; fileRef = A4B86B712815365500A8D8F7 /* Libuv-gRPC.xcframework */; };
		A4B86B882815365500A8D8F7 /* leveldb-library.xcframework in Frameworks */ = {isa = PBXBuildFile; fileRef = A4B86B722815365500A8D8F7 /* leveldb-library.xcframework */; };
		A4B86B892815365500A8D8F7 /* FirebaseCoreDiagnostics.xcframework in Frameworks */ = {isa = PBXBuildFile; fileRef = A4B86B732815365500A8D8F7 /* FirebaseCoreDiagnostics.xcframework */; };
		A4B86B8A2815365500A8D8F7 /* FirebaseStorage.xcframework in Frameworks */ = {isa = PBXBuildFile; fileRef = A4B86B742815365500A8D8F7 /* FirebaseStorage.xcframework */; };
		A4B86B8B2815365500A8D8F7 /* FirebaseInstallations.xcframework in Frameworks */ = {isa = PBXBuildFile; fileRef = A4B86B752815365500A8D8F7 /* FirebaseInstallations.xcframework */; };
		A4B86B8C2815365500A8D8F7 /* FirebaseCore.xcframework in Frameworks */ = {isa = PBXBuildFile; fileRef = A4B86B762815365500A8D8F7 /* FirebaseCore.xcframework */; };
		A4B86B8D2815365500A8D8F7 /* FirebaseFunctions.xcframework in Frameworks */ = {isa = PBXBuildFile; fileRef = A4B86B772815365500A8D8F7 /* FirebaseFunctions.xcframework */; };
		A4B86B8E2815365500A8D8F7 /* gRPC-C++.xcframework in Frameworks */ = {isa = PBXBuildFile; fileRef = A4B86B782815365500A8D8F7 /* gRPC-C++.xcframework */; };
		A4B86B8F2815365500A8D8F7 /* BoringSSL-GRPC.xcframework in Frameworks */ = {isa = PBXBuildFile; fileRef = A4B86B792815365500A8D8F7 /* BoringSSL-GRPC.xcframework */; };
		A4B86B902815365500A8D8F7 /* GoogleDataTransport.xcframework in Frameworks */ = {isa = PBXBuildFile; fileRef = A4B86B7A2815365500A8D8F7 /* GoogleDataTransport.xcframework */; };
		A4B86B912815365500A8D8F7 /* FirebaseAuth.xcframework in Frameworks */ = {isa = PBXBuildFile; fileRef = A4B86B7B2815365500A8D8F7 /* FirebaseAuth.xcframework */; };
		A4B86B922815365500A8D8F7 /* GoogleAppMeasurement.xcframework in Frameworks */ = {isa = PBXBuildFile; fileRef = A4B86B7D2815365500A8D8F7 /* GoogleAppMeasurement.xcframework */; };
		A4B86B932815365500A8D8F7 /* GTMSessionFetcher.xcframework in Frameworks */ = {isa = PBXBuildFile; fileRef = A4B86B7E2815365500A8D8F7 /* GTMSessionFetcher.xcframework */; };
		A4B86B942815365500A8D8F7 /* abseil.xcframework in Frameworks */ = {isa = PBXBuildFile; fileRef = A4B86B7F2815365500A8D8F7 /* abseil.xcframework */; };
		A4B86B952815365500A8D8F7 /* GoogleUtilities.xcframework in Frameworks */ = {isa = PBXBuildFile; fileRef = A4B86B802815365500A8D8F7 /* GoogleUtilities.xcframework */; };
/* End PBXBuildFile section */

/* Begin PBXFileReference section */
		A499624F2814DF7D00250425 /* AzurePipelineSPMCachingApp.swift */ = {isa = PBXFileReference; lastKnownFileType = sourcecode.swift; path = AzurePipelineSPMCachingApp.swift; sourceTree = "<group>"; };
		A49962502814DF7D00250425 /* ContentView.swift */ = {isa = PBXFileReference; lastKnownFileType = sourcecode.swift; path = ContentView.swift; sourceTree = "<group>"; };
		A49962512814DF8300250425 /* Assets.xcassets */ = {isa = PBXFileReference; lastKnownFileType = folder.assetcatalog; path = Assets.xcassets; sourceTree = "<group>"; };
		A49962562814DF8300250425 /* AzurePipelineSPMCaching.app */ = {isa = PBXFileReference; explicitFileType = wrapper.application; includeInIndex = 0; path = AzurePipelineSPMCaching.app; sourceTree = BUILT_PRODUCTS_DIR; };
		A4B86B6A2815365500A8D8F7 /* nanopb.xcframework */ = {isa = PBXFileReference; lastKnownFileType = wrapper.xcframework; path = nanopb.xcframework; sourceTree = "<group>"; };
		A4B86B6B2815365500A8D8F7 /* FirebaseFirestore.xcframework */ = {isa = PBXFileReference; lastKnownFileType = wrapper.xcframework; path = FirebaseFirestore.xcframework; sourceTree = "<group>"; };
		A4B86B6C2815365500A8D8F7 /* gRPC-Core.xcframework */ = {isa = PBXFileReference; lastKnownFileType = wrapper.xcframework; path = "gRPC-Core.xcframework"; sourceTree = "<group>"; };
		A4B86B6D2815365500A8D8F7 /* GoogleAppMeasurementIdentitySupport.xcframework */ = {isa = PBXFileReference; lastKnownFileType = wrapper.xcframework; path = GoogleAppMeasurementIdentitySupport.xcframework; sourceTree = "<group>"; };
		A4B86B6E2815365500A8D8F7 /* PromisesObjC.xcframework */ = {isa = PBXFileReference; lastKnownFileType = wrapper.xcframework; path = PromisesObjC.xcframework; sourceTree = "<group>"; };
		A4B86B6F2815365500A8D8F7 /* FirebaseAnalytics.xcframework */ = {isa = PBXFileReference; lastKnownFileType = wrapper.xcframework; path = FirebaseAnalytics.xcframework; sourceTree = "<group>"; };
		A4B86B702815365500A8D8F7 /* Firebase.h */ = {isa = PBXFileReference; fileEncoding = 4; lastKnownFileType = sourcecode.c.h; path = Firebase.h; sourceTree = "<group>"; };
		A4B86B712815365500A8D8F7 /* Libuv-gRPC.xcframework */ = {isa = PBXFileReference; lastKnownFileType = wrapper.xcframework; path = "Libuv-gRPC.xcframework"; sourceTree = "<group>"; };
		A4B86B722815365500A8D8F7 /* leveldb-library.xcframework */ = {isa = PBXFileReference; lastKnownFileType = wrapper.xcframework; path = "leveldb-library.xcframework"; sourceTree = "<group>"; };
		A4B86B732815365500A8D8F7 /* FirebaseCoreDiagnostics.xcframework */ = {isa = PBXFileReference; lastKnownFileType = wrapper.xcframework; path = FirebaseCoreDiagnostics.xcframework; sourceTree = "<group>"; };
		A4B86B742815365500A8D8F7 /* FirebaseStorage.xcframework */ = {isa = PBXFileReference; lastKnownFileType = wrapper.xcframework; path = FirebaseStorage.xcframework; sourceTree = "<group>"; };
		A4B86B752815365500A8D8F7 /* FirebaseInstallations.xcframework */ = {isa = PBXFileReference; lastKnownFileType = wrapper.xcframework; path = FirebaseInstallations.xcframework; sourceTree = "<group>"; };
		A4B86B762815365500A8D8F7 /* FirebaseCore.xcframework */ = {isa = PBXFileReference; lastKnownFileType = wrapper.xcframework; path = FirebaseCore.xcframework; sourceTree = "<group>"; };
		A4B86B772815365500A8D8F7 /* FirebaseFunctions.xcframework */ = {isa = PBXFileReference; lastKnownFileType = wrapper.xcframework; path = FirebaseFunctions.xcframework; sourceTree = "<group>"; };
		A4B86B782815365500A8D8F7 /* gRPC-C++.xcframework */ = {isa = PBXFileReference; lastKnownFileType = wrapper.xcframework; path = "gRPC-C++.xcframework"; sourceTree = "<group>"; };
		A4B86B792815365500A8D8F7 /* BoringSSL-GRPC.xcframework */ = {isa = PBXFileReference; lastKnownFileType = wrapper.xcframework; path = "BoringSSL-GRPC.xcframework"; sourceTree = "<group>"; };
		A4B86B7A2815365500A8D8F7 /* GoogleDataTransport.xcframework */ = {isa = PBXFileReference; lastKnownFileType = wrapper.xcframework; path = GoogleDataTransport.xcframework; sourceTree = "<group>"; };
		A4B86B7B2815365500A8D8F7 /* FirebaseAuth.xcframework */ = {isa = PBXFileReference; lastKnownFileType = wrapper.xcframework; path = FirebaseAuth.xcframework; sourceTree = "<group>"; };
		A4B86B7C2815365500A8D8F7 /* module.modulemap */ = {isa = PBXFileReference; fileEncoding = 4; lastKnownFileType = "sourcecode.module-map"; path = module.modulemap; sourceTree = "<group>"; };
		A4B86B7D2815365500A8D8F7 /* GoogleAppMeasurement.xcframework */ = {isa = PBXFileReference; lastKnownFileType = wrapper.xcframework; path = GoogleAppMeasurement.xcframework; sourceTree = "<group>"; };
		A4B86B7E2815365500A8D8F7 /* GTMSessionFetcher.xcframework */ = {isa = PBXFileReference; lastKnownFileType = wrapper.xcframework; path = GTMSessionFetcher.xcframework; sourceTree = "<group>"; };
		A4B86B7F2815365500A8D8F7 /* abseil.xcframework */ = {isa = PBXFileReference; lastKnownFileType = wrapper.xcframework; path = abseil.xcframework; sourceTree = "<group>"; };
		A4B86B802815365500A8D8F7 /* GoogleUtilities.xcframework */ = {isa = PBXFileReference; lastKnownFileType = wrapper.xcframework; path = GoogleUtilities.xcframework; sourceTree = "<group>"; };
/* End PBXFileReference section */

/* Begin PBXFrameworksBuildPhase section */
		A49962532814DF8300250425 /* Frameworks */ = {
			isa = PBXFrameworksBuildPhase;
			buildActionMask = 2147483647;
			files = (
				A4B86B8B2815365500A8D8F7 /* FirebaseInstallations.xcframework in Frameworks */,
				A4B86B8C2815365500A8D8F7 /* FirebaseCore.xcframework in Frameworks */,
				A4B86B952815365500A8D8F7 /* GoogleUtilities.xcframework in Frameworks */,
				A4B86B8D2815365500A8D8F7 /* FirebaseFunctions.xcframework in Frameworks */,
				A4B86B872815365500A8D8F7 /* Libuv-gRPC.xcframework in Frameworks */,
				A4B86B8F2815365500A8D8F7 /* BoringSSL-GRPC.xcframework in Frameworks */,
				A4B86B892815365500A8D8F7 /* FirebaseCoreDiagnostics.xcframework in Frameworks */,
				A4B86B822815365500A8D8F7 /* FirebaseFirestore.xcframework in Frameworks */,
				A4B86B882815365500A8D8F7 /* leveldb-library.xcframework in Frameworks */,
				A4B86B8A2815365500A8D8F7 /* FirebaseStorage.xcframework in Frameworks */,
				A4B86B942815365500A8D8F7 /* abseil.xcframework in Frameworks */,
				A4B86B842815365500A8D8F7 /* GoogleAppMeasurementIdentitySupport.xcframework in Frameworks */,
				A4B86B922815365500A8D8F7 /* GoogleAppMeasurement.xcframework in Frameworks */,
				A4B86B902815365500A8D8F7 /* GoogleDataTransport.xcframework in Frameworks */,
				A4B86B812815365500A8D8F7 /* nanopb.xcframework in Frameworks */,
				A4B86B912815365500A8D8F7 /* FirebaseAuth.xcframework in Frameworks */,
				A4B86B832815365500A8D8F7 /* gRPC-Core.xcframework in Frameworks */,
				A4B86B932815365500A8D8F7 /* GTMSessionFetcher.xcframework in Frameworks */,
				A4B86B8E2815365500A8D8F7 /* gRPC-C++.xcframework in Frameworks */,
				A4B86B852815365500A8D8F7 /* PromisesObjC.xcframework in Frameworks */,
				A4B86B862815365500A8D8F7 /* FirebaseAnalytics.xcframework in Frameworks */,
			);
			runOnlyForDeploymentPostprocessing = 0;
		};
/* End PBXFrameworksBuildPhase section */

/* Begin PBXGroup section */
		A49962492814DF7D00250425 = {
			isa = PBXGroup;
			children = (
				A499624E2814DF7D00250425 /* Shared */,
				A49962572814DF8300250425 /* Products */,
				A4B86A0228151C7400A8D8F7 /* Frameworks */,
			);
			sourceTree = "<group>";
		};
		A499624E2814DF7D00250425 /* Shared */ = {
			isa = PBXGroup;
			children = (
				A499624F2814DF7D00250425 /* AzurePipelineSPMCachingApp.swift */,
				A49962502814DF7D00250425 /* ContentView.swift */,
				A49962512814DF8300250425 /* Assets.xcassets */,
			);
			path = Shared;
			sourceTree = "<group>";
		};
		A49962572814DF8300250425 /* Products */ = {
			isa = PBXGroup;
			children = (
				A49962562814DF8300250425 /* AzurePipelineSPMCaching.app */,
			);
			name = Products;
			sourceTree = "<group>";
		};
		A4B86A0228151C7400A8D8F7 /* Frameworks */ = {
			isa = PBXGroup;
			children = (
				A4B86B692815365500A8D8F7 /* Firebase */,
			);
			name = Frameworks;
			sourceTree = "<group>";
		};
		A4B86B692815365500A8D8F7 /* Firebase */ = {
			isa = PBXGroup;
			children = (
				A4B86B6A2815365500A8D8F7 /* nanopb.xcframework */,
				A4B86B6B2815365500A8D8F7 /* FirebaseFirestore.xcframework */,
				A4B86B6C2815365500A8D8F7 /* gRPC-Core.xcframework */,
				A4B86B6D2815365500A8D8F7 /* GoogleAppMeasurementIdentitySupport.xcframework */,
				A4B86B6E2815365500A8D8F7 /* PromisesObjC.xcframework */,
				A4B86B6F2815365500A8D8F7 /* FirebaseAnalytics.xcframework */,
				A4B86B702815365500A8D8F7 /* Firebase.h */,
				A4B86B712815365500A8D8F7 /* Libuv-gRPC.xcframework */,
				A4B86B722815365500A8D8F7 /* leveldb-library.xcframework */,
				A4B86B732815365500A8D8F7 /* FirebaseCoreDiagnostics.xcframework */,
				A4B86B742815365500A8D8F7 /* FirebaseStorage.xcframework */,
				A4B86B752815365500A8D8F7 /* FirebaseInstallations.xcframework */,
				A4B86B762815365500A8D8F7 /* FirebaseCore.xcframework */,
				A4B86B772815365500A8D8F7 /* FirebaseFunctions.xcframework */,
				A4B86B782815365500A8D8F7 /* gRPC-C++.xcframework */,
				A4B86B792815365500A8D8F7 /* BoringSSL-GRPC.xcframework */,
				A4B86B7A2815365500A8D8F7 /* GoogleDataTransport.xcframework */,
				A4B86B7B2815365500A8D8F7 /* FirebaseAuth.xcframework */,
				A4B86B7C2815365500A8D8F7 /* module.modulemap */,
				A4B86B7D2815365500A8D8F7 /* GoogleAppMeasurement.xcframework */,
				A4B86B7E2815365500A8D8F7 /* GTMSessionFetcher.xcframework */,
				A4B86B7F2815365500A8D8F7 /* abseil.xcframework */,
				A4B86B802815365500A8D8F7 /* GoogleUtilities.xcframework */,
			);
			name = Firebase;
			path = xcframeworks/Firebase;
			sourceTree = "<group>";
		};
/* End PBXGroup section */

/* Begin PBXNativeTarget section */
		A49962552814DF8300250425 /* AzurePipelineSPMCaching (iOS) */ = {
			isa = PBXNativeTarget;
			buildConfigurationList = A49962672814DF8300250425 /* Build configuration list for PBXNativeTarget "AzurePipelineSPMCaching (iOS)" */;
			buildPhases = (
				A49962522814DF8300250425 /* Sources */,
				A49962532814DF8300250425 /* Frameworks */,
				A49962542814DF8300250425 /* Resources */,
			);
			buildRules = (
			);
			dependencies = (
			);
			name = "AzurePipelineSPMCaching (iOS)";
			packageProductDependencies = (
			);
			productName = "AzurePipelineSPMCaching (iOS)";
			productReference = A49962562814DF8300250425 /* AzurePipelineSPMCaching.app */;
			productType = "com.apple.product-type.application";
		};
/* End PBXNativeTarget section */

/* Begin PBXProject section */
		A499624A2814DF7D00250425 /* Project object */ = {
			isa = PBXProject;
			attributes = {
				BuildIndependentTargetsInParallel = 1;
				LastSwiftUpdateCheck = 1330;
				LastUpgradeCheck = 1330;
				TargetAttributes = {
					A49962552814DF8300250425 = {
						CreatedOnToolsVersion = 13.3.1;
					};
				};
			};
			buildConfigurationList = A499624D2814DF7D00250425 /* Build configuration list for PBXProject "AzurePipelineSPMCaching" */;
			compatibilityVersion = "Xcode 13.0";
			developmentRegion = en;
			hasScannedForEncodings = 0;
			knownRegions = (
				en,
				Base,
			);
			mainGroup = A49962492814DF7D00250425;
			packageReferences = (
			);
			productRefGroup = A49962572814DF8300250425 /* Products */;
			projectDirPath = "";
			projectRoot = "";
			targets = (
				A49962552814DF8300250425 /* AzurePipelineSPMCaching (iOS) */,
			);
		};
/* End PBXProject section */

/* Begin PBXResourcesBuildPhase section */
		A49962542814DF8300250425 /* Resources */ = {
			isa = PBXResourcesBuildPhase;
			buildActionMask = 2147483647;
			files = (
				A49962632814DF8300250425 /* Assets.xcassets in Resources */,
			);
			runOnlyForDeploymentPostprocessing = 0;
		};
/* End PBXResourcesBuildPhase section */

/* Begin PBXSourcesBuildPhase section */
		A49962522814DF8300250425 /* Sources */ = {
			isa = PBXSourcesBuildPhase;
			buildActionMask = 2147483647;
			files = (
				A49962612814DF8300250425 /* ContentView.swift in Sources */,
				A499625F2814DF8300250425 /* AzurePipelineSPMCachingApp.swift in Sources */,
			);
			runOnlyForDeploymentPostprocessing = 0;
		};
/* End PBXSourcesBuildPhase section */

/* Begin XCBuildConfiguration section */
		A49962652814DF8300250425 /* Debug */ = {
			isa = XCBuildConfiguration;
			buildSettings = {
				ALWAYS_SEARCH_USER_PATHS = NO;
				CLANG_ANALYZER_NONNULL = YES;
				CLANG_ANALYZER_NUMBER_OBJECT_CONVERSION = YES_AGGRESSIVE;
				CLANG_CXX_LANGUAGE_STANDARD = "gnu++17";
				CLANG_ENABLE_MODULES = YES;
				CLANG_ENABLE_OBJC_ARC = YES;
				CLANG_ENABLE_OBJC_WEAK = YES;
				CLANG_WARN_BLOCK_CAPTURE_AUTORELEASING = YES;
				CLANG_WARN_BOOL_CONVERSION = YES;
				CLANG_WARN_COMMA = YES;
				CLANG_WARN_CONSTANT_CONVERSION = YES;
				CLANG_WARN_DEPRECATED_OBJC_IMPLEMENTATIONS = YES;
				CLANG_WARN_DIRECT_OBJC_ISA_USAGE = YES_ERROR;
				CLANG_WARN_DOCUMENTATION_COMMENTS = YES;
				CLANG_WARN_EMPTY_BODY = YES;
				CLANG_WARN_ENUM_CONVERSION = YES;
				CLANG_WARN_INFINITE_RECURSION = YES;
				CLANG_WARN_INT_CONVERSION = YES;
				CLANG_WARN_NON_LITERAL_NULL_CONVERSION = YES;
				CLANG_WARN_OBJC_IMPLICIT_RETAIN_SELF = YES;
				CLANG_WARN_OBJC_LITERAL_CONVERSION = YES;
				CLANG_WARN_OBJC_ROOT_CLASS = YES_ERROR;
				CLANG_WARN_QUOTED_INCLUDE_IN_FRAMEWORK_HEADER = YES;
				CLANG_WARN_RANGE_LOOP_ANALYSIS = YES;
				CLANG_WARN_STRICT_PROTOTYPES = YES;
				CLANG_WARN_SUSPICIOUS_MOVE = YES;
				CLANG_WARN_UNGUARDED_AVAILABILITY = YES_AGGRESSIVE;
				CLANG_WARN_UNREACHABLE_CODE = YES;
				CLANG_WARN__DUPLICATE_METHOD_MATCH = YES;
				COPY_PHASE_STRIP = NO;
				DEBUG_INFORMATION_FORMAT = dwarf;
				ENABLE_STRICT_OBJC_MSGSEND = YES;
				ENABLE_TESTABILITY = YES;
				GCC_C_LANGUAGE_STANDARD = gnu11;
				GCC_DYNAMIC_NO_PIC = NO;
				GCC_NO_COMMON_BLOCKS = YES;
				GCC_OPTIMIZATION_LEVEL = 0;
				GCC_PREPROCESSOR_DEFINITIONS = (
					"DEBUG=1",
					"$(inherited)",
				);
				GCC_WARN_64_TO_32_BIT_CONVERSION = YES;
				GCC_WARN_ABOUT_RETURN_TYPE = YES_ERROR;
				GCC_WARN_UNDECLARED_SELECTOR = YES;
				GCC_WARN_UNINITIALIZED_AUTOS = YES_AGGRESSIVE;
				GCC_WARN_UNUSED_FUNCTION = YES;
				GCC_WARN_UNUSED_VARIABLE = YES;
				MTL_ENABLE_DEBUG_INFO = INCLUDE_SOURCE;
				MTL_FAST_MATH = YES;
				ONLY_ACTIVE_ARCH = YES;
				SWIFT_ACTIVE_COMPILATION_CONDITIONS = DEBUG;
				SWIFT_OPTIMIZATION_LEVEL = "-Onone";
				USER_HEADER_SEARCH_PATHS = "xcframeworks/firebase/**";
			};
			name = Debug;
		};
		A49962662814DF8300250425 /* Release */ = {
			isa = XCBuildConfiguration;
			buildSettings = {
				ALWAYS_SEARCH_USER_PATHS = NO;
				CLANG_ANALYZER_NONNULL = YES;
				CLANG_ANALYZER_NUMBER_OBJECT_CONVERSION = YES_AGGRESSIVE;
				CLANG_CXX_LANGUAGE_STANDARD = "gnu++17";
				CLANG_ENABLE_MODULES = YES;
				CLANG_ENABLE_OBJC_ARC = YES;
				CLANG_ENABLE_OBJC_WEAK = YES;
				CLANG_WARN_BLOCK_CAPTURE_AUTORELEASING = YES;
				CLANG_WARN_BOOL_CONVERSION = YES;
				CLANG_WARN_COMMA = YES;
				CLANG_WARN_CONSTANT_CONVERSION = YES;
				CLANG_WARN_DEPRECATED_OBJC_IMPLEMENTATIONS = YES;
				CLANG_WARN_DIRECT_OBJC_ISA_USAGE = YES_ERROR;
				CLANG_WARN_DOCUMENTATION_COMMENTS = YES;
				CLANG_WARN_EMPTY_BODY = YES;
				CLANG_WARN_ENUM_CONVERSION = YES;
				CLANG_WARN_INFINITE_RECURSION = YES;
				CLANG_WARN_INT_CONVERSION = YES;
				CLANG_WARN_NON_LITERAL_NULL_CONVERSION = YES;
				CLANG_WARN_OBJC_IMPLICIT_RETAIN_SELF = YES;
				CLANG_WARN_OBJC_LITERAL_CONVERSION = YES;
				CLANG_WARN_OBJC_ROOT_CLASS = YES_ERROR;
				CLANG_WARN_QUOTED_INCLUDE_IN_FRAMEWORK_HEADER = YES;
				CLANG_WARN_RANGE_LOOP_ANALYSIS = YES;
				CLANG_WARN_STRICT_PROTOTYPES = YES;
				CLANG_WARN_SUSPICIOUS_MOVE = YES;
				CLANG_WARN_UNGUARDED_AVAILABILITY = YES_AGGRESSIVE;
				CLANG_WARN_UNREACHABLE_CODE = YES;
				CLANG_WARN__DUPLICATE_METHOD_MATCH = YES;
				COPY_PHASE_STRIP = NO;
				DEBUG_INFORMATION_FORMAT = "dwarf-with-dsym";
				ENABLE_NS_ASSERTIONS = NO;
				ENABLE_STRICT_OBJC_MSGSEND = YES;
				GCC_C_LANGUAGE_STANDARD = gnu11;
				GCC_NO_COMMON_BLOCKS = YES;
				GCC_WARN_64_TO_32_BIT_CONVERSION = YES;
				GCC_WARN_ABOUT_RETURN_TYPE = YES_ERROR;
				GCC_WARN_UNDECLARED_SELECTOR = YES;
				GCC_WARN_UNINITIALIZED_AUTOS = YES_AGGRESSIVE;
				GCC_WARN_UNUSED_FUNCTION = YES;
				GCC_WARN_UNUSED_VARIABLE = YES;
				MTL_ENABLE_DEBUG_INFO = NO;
				MTL_FAST_MATH = YES;
				SWIFT_COMPILATION_MODE = wholemodule;
				SWIFT_OPTIMIZATION_LEVEL = "-O";
				USER_HEADER_SEARCH_PATHS = "xcframeworks/firebase/**";
			};
			name = Release;
		};
		A49962682814DF8300250425 /* Debug */ = {
			isa = XCBuildConfiguration;
			buildSettings = {
				ASSETCATALOG_COMPILER_APPICON_NAME = AppIcon;
				ASSETCATALOG_COMPILER_GLOBAL_ACCENT_COLOR_NAME = AccentColor;
				CODE_SIGN_STYLE = Manual;
				CURRENT_PROJECT_VERSION = 1;
				DEVELOPMENT_TEAM = "";
				ENABLE_PREVIEWS = YES;
				GENERATE_INFOPLIST_FILE = YES;
				INFOPLIST_KEY_UIApplicationSceneManifest_Generation = YES;
				INFOPLIST_KEY_UIApplicationSupportsIndirectInputEvents = YES;
				INFOPLIST_KEY_UILaunchScreen_Generation = YES;
				INFOPLIST_KEY_UISupportedInterfaceOrientations_iPad = "UIInterfaceOrientationPortrait UIInterfaceOrientationPortraitUpsideDown UIInterfaceOrientationLandscapeLeft UIInterfaceOrientationLandscapeRight";
				INFOPLIST_KEY_UISupportedInterfaceOrientations_iPhone = "UIInterfaceOrientationPortrait UIInterfaceOrientationLandscapeLeft UIInterfaceOrientationLandscapeRight";
				IPHONEOS_DEPLOYMENT_TARGET = 15.0;
				LD_RUNPATH_SEARCH_PATHS = (
					"$(inherited)",
					"@executable_path/Frameworks",
				);
				MARKETING_VERSION = 1.0;
				PRODUCT_BUNDLE_IDENTIFIER = net.niccari.test.azure.pipeline.spm.caching.AzurePipelineSPMCaching;
				PRODUCT_NAME = AzurePipelineSPMCaching;
				PROVISIONING_PROFILE_SPECIFIER = "";
				SDKROOT = iphoneos;
				SWIFT_EMIT_LOC_STRINGS = YES;
				SWIFT_VERSION = 5.0;
				TARGETED_DEVICE_FAMILY = 1;
				USER_HEADER_SEARCH_PATHS = "xcframeworks/firebase/**";
			};
			name = Debug;
		};
		A49962692814DF8300250425 /* Release */ = {
			isa = XCBuildConfiguration;
			buildSettings = {
				ASSETCATALOG_COMPILER_APPICON_NAME = AppIcon;
				ASSETCATALOG_COMPILER_GLOBAL_ACCENT_COLOR_NAME = AccentColor;
				CODE_SIGN_STYLE = Manual;
				CURRENT_PROJECT_VERSION = 1;
				DEVELOPMENT_TEAM = "";
				ENABLE_PREVIEWS = YES;
				GENERATE_INFOPLIST_FILE = YES;
				INFOPLIST_KEY_UIApplicationSceneManifest_Generation = YES;
				INFOPLIST_KEY_UIApplicationSupportsIndirectInputEvents = YES;
				INFOPLIST_KEY_UILaunchScreen_Generation = YES;
				INFOPLIST_KEY_UISupportedInterfaceOrientations_iPad = "UIInterfaceOrientationPortrait UIInterfaceOrientationPortraitUpsideDown UIInterfaceOrientationLandscapeLeft UIInterfaceOrientationLandscapeRight";
				INFOPLIST_KEY_UISupportedInterfaceOrientations_iPhone = "UIInterfaceOrientationPortrait UIInterfaceOrientationLandscapeLeft UIInterfaceOrientationLandscapeRight";
				IPHONEOS_DEPLOYMENT_TARGET = 15.0;
				LD_RUNPATH_SEARCH_PATHS = (
					"$(inherited)",
					"@executable_path/Frameworks",
				);
				MARKETING_VERSION = 1.0;
				PRODUCT_BUNDLE_IDENTIFIER = net.niccari.test.azure.pipeline.spm.caching.AzurePipelineSPMCaching;
				PRODUCT_NAME = AzurePipelineSPMCaching;
				PROVISIONING_PROFILE_SPECIFIER = "";
				SDKROOT = iphoneos;
				SWIFT_EMIT_LOC_STRINGS = YES;
				SWIFT_VERSION = 5.0;
				TARGETED_DEVICE_FAMILY = 1;
				USER_HEADER_SEARCH_PATHS = "xcframeworks/firebase/**";
				VALIDATE_PRODUCT = YES;
			};
			name = Release;
		};
/* End XCBuildConfiguration section */

/* Begin XCConfigurationList section */
		A499624D2814DF7D00250425 /* Build configuration list for PBXProject "AzurePipelineSPMCaching" */ = {
			isa = XCConfigurationList;
			buildConfigurations = (
				A49962652814DF8300250425 /* Debug */,
				A49962662814DF8300250425 /* Release */,
			);
			defaultConfigurationIsVisible = 0;
			defaultConfigurationName = Release;
		};
		A49962672814DF8300250425 /* Build configuration list for PBXNativeTarget "AzurePipelineSPMCaching (iOS)" */ = {
			isa = XCConfigurationList;
			buildConfigurations = (
				A49962682814DF8300250425 /* Debug */,
				A49962692814DF8300250425 /* Release */,
			);
			defaultConfigurationIsVisible = 0;
			defaultConfigurationName = Release;
		};
/* End XCConfigurationList section */
	};
	rootObject = A499624A2814DF7D00250425 /* Project object */;
}
