{
  "pins" : [
    {
      "identity" : "firebase-ios-sdk-xcframeworks",
      "kind" : "remoteSourceControl",
      "location" : "https://github.com/akaffenberger/firebase-ios-sdk-xcframeworks",
      "state" : {
        "revision" : "11b5f4b28d7edd22d7ff24445c43e89389b23c3f",
        "version" : "8.15.0"
      }
    }
  ],
  "version" : 2
}
